
Microsoft Visual Studio Solution File, Format Version 12.00
Project("{FAE04EC0-301F-11D3-BF4B-00C04F79EFBC}") = "ToDo-API", "ToDo-API\ToDo-API.csproj", "{863E6AA2-CDD1-4636-BC06-2C2C071E9EFE}"
EndProject
Global
	GlobalSection(SolutionConfigurationPlatforms) = preSolution
		Debug|Any CPU = Debug|Any CPU
		Release|Any CPU = Release|Any CPU
	EndGlobalSection
	GlobalSection(ProjectConfigurationPlatforms) = postSolution
		{863E6AA2-CDD1-4636-BC06-2C2C071E9EFE}.Debug|Any CPU.ActiveCfg = Debug|Any CPU
		{863E6AA2-CDD1-4636-BC06-2C2C071E9EFE}.Debug|Any CPU.Build.0 = Debug|Any CPU
		{863E6AA2-CDD1-4636-BC06-2C2C071E9EFE}.Release|Any CPU.ActiveCfg = Release|Any CPU
		{863E6AA2-CDD1-4636-BC06-2C2C071E9EFE}.Release|Any CPU.Build.0 = Release|Any CPU
	EndGlobalSection
EndGlobal
